// !$*UTF8*$!
{
	archiveVersion = 1;
	classes = {
	};
	objectVersion = 46;
	objects = {

/* Begin PBXBuildFile section */
		3D63952D199088860059E33B /* Foundation.framework in Frameworks */ = {isa = PBXBuildFile; fileRef = 3D63952C199088860059E33B /* Foundation.framework */; };
		3D63952F199088860059E33B /* CoreGraphics.framework in Frameworks */ = {isa = PBXBuildFile; fileRef = 3D63952E199088860059E33B /* CoreGraphics.framework */; };
		3D639531199088860059E33B /* UIKit.framework in Frameworks */ = {isa = PBXBuildFile; fileRef = 3D639530199088860059E33B /* UIKit.framework */; };
		3D639537199088860059E33B /* InfoPlist.strings in Resources */ = {isa = PBXBuildFile; fileRef = 3D639535199088860059E33B /* InfoPlist.strings */; };
		3D639539199088860059E33B /* main.m in Sources */ = {isa = PBXBuildFile; fileRef = 3D639538199088860059E33B /* main.m */; };
		3D63953D199088860059E33B /* AppDelegate.m in Sources */ = {isa = PBXBuildFile; fileRef = 3D63953C199088860059E33B /* AppDelegate.m */; };
		3D63953F199088860059E33B /* Images.xcassets in Resources */ = {isa = PBXBuildFile; fileRef = 3D63953E199088860059E33B /* Images.xcassets */; };
		3D639546199088860059E33B /* XCTest.framework in Frameworks */ = {isa = PBXBuildFile; fileRef = 3D639545199088860059E33B /* XCTest.framework */; };
		3D639547199088860059E33B /* Foundation.framework in Frameworks */ = {isa = PBXBuildFile; fileRef = 3D63952C199088860059E33B /* Foundation.framework */; };
		3D639548199088860059E33B /* UIKit.framework in Frameworks */ = {isa = PBXBuildFile; fileRef = 3D639530199088860059E33B /* UIKit.framework */; };
		3D639550199088860059E33B /* InfoPlist.strings in Resources */ = {isa = PBXBuildFile; fileRef = 3D63954E199088860059E33B /* InfoPlist.strings */; };
		3D639552199088860059E33B /* tableEngineTestTests.m in Sources */ = {isa = PBXBuildFile; fileRef = 3D639551199088860059E33B /* tableEngineTestTests.m */; };
/* End PBXBuildFile section */

/* Begin PBXContainerItemProxy section */
		3D639549199088860059E33B /* PBXContainerItemProxy */ = {
			isa = PBXContainerItemProxy;
			containerPortal = 3D639521199088860059E33B /* Project object */;
			proxyType = 1;
			remoteGlobalIDString = 3D639528199088860059E33B;
			remoteInfo = tableEngineTest;
		};
/* End PBXContainerItemProxy section */

/* Begin PBXFileReference section */
		3D639529199088860059E33B /* tableEngineTest.app */ = {isa = PBXFileReference; explicitFileType = wrapper.application; includeInIndex = 0; path = tableEngineTest.app; sourceTree = BUILT_PRODUCTS_DIR; };
		3D63952C199088860059E33B /* Foundation.framework */ = {isa = PBXFileReference; lastKnownFileType = wrapper.framework; name = Foundation.framework; path = System/Library/Frameworks/Foundation.framework; sourceTree = SDKROOT; };
		3D63952E199088860059E33B /* CoreGraphics.framework */ = {isa = PBXFileReference; lastKnownFileType = wrapper.framework; name = CoreGraphics.framework; path = System/Library/Frameworks/CoreGraphics.framework; sourceTree = SDKROOT; };
		3D639530199088860059E33B /* UIKit.framework */ = {isa = PBXFileReference; lastKnownFileType = wrapper.framework; name = UIKit.framework; path = System/Library/Frameworks/UIKit.framework; sourceTree = SDKROOT; };
		3D639534199088860059E33B /* tableEngineTest-Info.plist */ = {isa = PBXFileReference; lastKnownFileType = text.plist.xml; path = "tableEngineTest-Info.plist"; sourceTree = "<group>"; };
		3D639536199088860059E33B /* en */ = {isa = PBXFileReference; lastKnownFileType = text.plist.strings; name = en; path = en.lproj/InfoPlist.strings; sourceTree = "<group>"; };
		3D639538199088860059E33B /* main.m */ = {isa = PBXFileReference; lastKnownFileType = sourcecode.c.objc; path = main.m; sourceTree = "<group>"; };
		3D63953A199088860059E33B /* tableEngineTest-Prefix.pch */ = {isa = PBXFileReference; lastKnownFileType = sourcecode.c.h; path = "tableEngineTest-Prefix.pch"; sourceTree = "<group>"; };
		3D63953B199088860059E33B /* AppDelegate.h */ = {isa = PBXFileReference; lastKnownFileType = sourcecode.c.h; path = AppDelegate.h; sourceTree = "<group>"; };
		3D63953C199088860059E33B /* AppDelegate.m */ = {isa = PBXFileReference; lastKnownFileType = sourcecode.c.objc; path = AppDelegate.m; sourceTree = "<group>"; };
		3D63953E199088860059E33B /* Images.xcassets */ = {isa = PBXFileReference; lastKnownFileType = folder.assetcatalog; path = Images.xcassets; sourceTree = "<group>"; };
		3D639544199088860059E33B /* tableEngineTestTests.xctest */ = {isa = PBXFileReference; explicitFileType = wrapper.cfbundle; includeInIndex = 0; path = tableEngineTestTests.xctest; sourceTree = BUILT_PRODUCTS_DIR; };
		3D639545199088860059E33B /* XCTest.framework */ = {isa = PBXFileReference; lastKnownFileType = wrapper.framework; name = XCTest.framework; path = Library/Frameworks/XCTest.framework; sourceTree = DEVELOPER_DIR; };
		3D63954D199088860059E33B /* tableEngineTestTests-Info.plist */ = {isa = PBXFileReference; lastKnownFileType = text.plist.xml; path = "tableEngineTestTests-Info.plist"; sourceTree = "<group>"; };
		3D63954F199088860059E33B /* en */ = {isa = PBXFileReference; lastKnownFileType = text.plist.strings; name = en; path = en.lproj/InfoPlist.strings; sourceTree = "<group>"; };
		3D639551199088860059E33B /* tableEngineTestTests.m */ = {isa = PBXFileReference; lastKnownFileType = sourcecode.c.objc; path = tableEngineTestTests.m; sourceTree = "<group>"; };
/* End PBXFileReference section */

/* Begin PBXFrameworksBuildPhase section */
		3D639526199088860059E33B /* Frameworks */ = {
			isa = PBXFrameworksBuildPhase;
			buildActionMask = 2147483647;
			files = (
				3D63952F199088860059E33B /* CoreGraphics.framework in Frameworks */,
				3D639531199088860059E33B /* UIKit.framework in Frameworks */,
				3D63952D199088860059E33B /* Foundation.framework in Frameworks */,
			);
			runOnlyForDeploymentPostprocessing = 0;
		};
		3D639541199088860059E33B /* Frameworks */ = {
			isa = PBXFrameworksBuildPhase;
			buildActionMask = 2147483647;
			files = (
				3D639546199088860059E33B /* XCTest.framework in Frameworks */,
				3D639548199088860059E33B /* UIKit.framework in Frameworks */,
				3D639547199088860059E33B /* Foundation.framework in Frameworks */,
			);
			runOnlyForDeploymentPostprocessing = 0;
		};
/* End PBXFrameworksBuildPhase section */

/* Begin PBXGroup section */
		3D639520199088860059E33B = {
			isa = PBXGroup;
			children = (
				3D639532199088860059E33B /* tableEngineTest */,
				3D63954B199088860059E33B /* tableEngineTestTests */,
				3D63952B199088860059E33B /* Frameworks */,
				3D63952A199088860059E33B /* Products */,
			);
			sourceTree = "<group>";
		};
		3D63952A199088860059E33B /* Products */ = {
			isa = PBXGroup;
			children = (
				3D639529199088860059E33B /* tableEngineTest.app */,
				3D639544199088860059E33B /* tableEngineTestTests.xctest */,
			);
			name = Products;
			sourceTree = "<group>";
		};
		3D63952B199088860059E33B /* Frameworks */ = {
			isa = PBXGroup;
			children = (
				3D63952C199088860059E33B /* Foundation.framework */,
				3D63952E199088860059E33B /* CoreGraphics.framework */,
				3D639530199088860059E33B /* UIKit.framework */,
				3D639545199088860059E33B /* XCTest.framework */,
			);
			name = Frameworks;
			sourceTree = "<group>";
		};
		3D639532199088860059E33B /* tableEngineTest */ = {
			isa = PBXGroup;
			children = (
				3D63953B199088860059E33B /* AppDelegate.h */,
				3D63953C199088860059E33B /* AppDelegate.m */,
				3D63953E199088860059E33B /* Images.xcassets */,
				3D639533199088860059E33B /* Supporting Files */,
			);
			path = tableEngineTest;
			sourceTree = "<group>";
		};
		3D639533199088860059E33B /* Supporting Files */ = {
			isa = PBXGroup;
			children = (
				3D639534199088860059E33B /* tableEngineTest-Info.plist */,
				3D639535199088860059E33B /* InfoPlist.strings */,
				3D639538199088860059E33B /* main.m */,
				3D63953A199088860059E33B /* tableEngineTest-Prefix.pch */,
			);
			name = "Supporting Files";
			sourceTree = "<group>";
		};
		3D63954B199088860059E33B /* tableEngineTestTests */ = {
			isa = PBXGroup;
			children = (
				3D639551199088860059E33B /* tableEngineTestTests.m */,
				3D63954C199088860059E33B /* Supporting Files */,
			);
			path = tableEngineTestTests;
			sourceTree = "<group>";
		};
		3D63954C199088860059E33B /* Supporting Files */ = {
			isa = PBXGroup;
			children = (
				3D63954D199088860059E33B /* tableEngineTestTests-Info.plist */,
				3D63954E199088860059E33B /* InfoPlist.strings */,
			);
			name = "Supporting Files";
			sourceTree = "<group>";
		};
/* End PBXGroup section */

/* Begin PBXNativeTarget section */
		3D639528199088860059E33B /* tableEngineTest */ = {
			isa = PBXNativeTarget;
			buildConfigurationList = 3D639555199088860059E33B /* Build configuration list for PBXNativeTarget "tableEngineTest" */;
			buildPhases = (
				3D639525199088860059E33B /* Sources */,
				3D639526199088860059E33B /* Frameworks */,
				3D639527199088860059E33B /* Resources */,
			);
			buildRules = (
			);
			dependencies = (
			);
			name = tableEngineTest;
			productName = tableEngineTest;
			productReference = 3D639529199088860059E33B /* tableEngineTest.app */;
			productType = "com.apple.product-type.application";
		};
		3D639543199088860059E33B /* tableEngineTestTests */ = {
			isa = PBXNativeTarget;
			buildConfigurationList = 3D639558199088860059E33B /* Build configuration list for PBXNativeTarget "tableEngineTestTests" */;
			buildPhases = (
				3D639540199088860059E33B /* Sources */,
				3D639541199088860059E33B /* Frameworks */,
				3D639542199088860059E33B /* Resources */,
			);
			buildRules = (
			);
			dependencies = (
				3D63954A199088860059E33B /* PBXTargetDependency */,
			);
			name = tableEngineTestTests;
			productName = tableEngineTestTests;
			productReference = 3D639544199088860059E33B /* tableEngineTestTests.xctest */;
			productType = "com.apple.product-type.bundle.unit-test";
		};
/* End PBXNativeTarget section */

/* Begin PBXProject section */
		3D639521199088860059E33B /* Project object */ = {
			isa = PBXProject;
			attributes = {
				LastUpgradeCheck = 0510;
				ORGANIZATIONNAME = com.ebest;
				TargetAttributes = {
					3D639543199088860059E33B = {
						TestTargetID = 3D639528199088860059E33B;
					};
				};
			};
			buildConfigurationList = 3D639524199088860059E33B /* Build configuration list for PBXProject "tableEngineTest" */;
			compatibilityVersion = "Xcode 3.2";
			developmentRegion = English;
			hasScannedForEncodings = 0;
			knownRegions = (
				en,
			);
			mainGroup = 3D639520199088860059E33B;
			productRefGroup = 3D63952A199088860059E33B /* Products */;
			projectDirPath = "";
			projectRoot = "";
			targets = (
				3D639528199088860059E33B /* tableEngineTest */,
				3D639543199088860059E33B /* tableEngineTestTests */,
			);
		};
/* End PBXProject section */

/* Begin PBXResourcesBuildPhase section */
		3D639527199088860059E33B /* Resources */ = {
			isa = PBXResourcesBuildPhase;
			buildActionMask = 2147483647;
			files = (
				3D639537199088860059E33B /* InfoPlist.strings in Resources */,
				3D63953F199088860059E33B /* Images.xcassets in Resources */,
			);
			runOnlyForDeploymentPostprocessing = 0;
		};
		3D639542199088860059E33B /* Resources */ = {
			isa = PBXResourcesBuildPhase;
			buildActionMask = 2147483647;
			files = (
				3D639550199088860059E33B /* InfoPlist.strings in Resources */,
			);
			runOnlyForDeploymentPostprocessing = 0;
		};
/* End PBXResourcesBuildPhase section */

/* Begin PBXSourcesBuildPhase section */
		3D639525199088860059E33B /* Sources */ = {
			isa = PBXSourcesBuildPhase;
			buildActionMask = 2147483647;
			files = (
				3D63953D199088860059E33B /* AppDelegate.m in Sources */,
				3D639539199088860059E33B /* main.m in Sources */,
			);
			runOnlyForDeploymentPostprocessing = 0;
		};
		3D639540199088860059E33B /* Sources */ = {
			isa = PBXSourcesBuildPhase;
			buildActionMask = 2147483647;
			files = (
				3D639552199088860059E33B /* tableEngineTestTests.m in Sources */,
			);
			runOnlyForDeploymentPostprocessing = 0;
		};
/* End PBXSourcesBuildPhase section */

/* Begin PBXTargetDependency section */
		3D63954A199088860059E33B /* PBXTargetDependency */ = {
			isa = PBXTargetDependency;
			target = 3D639528199088860059E33B /* tableEngineTest */;
			targetProxy = 3D639549199088860059E33B /* PBXContainerItemProxy */;
		};
/* End PBXTargetDependency section */

/* Begin PBXVariantGroup section */
		3D639535199088860059E33B /* InfoPlist.strings */ = {
			isa = PBXVariantGroup;
			children = (
				3D639536199088860059E33B /* en */,
			);
			name = InfoPlist.strings;
			sourceTree = "<group>";
		};
		3D63954E199088860059E33B /* InfoPlist.strings */ = {
			isa = PBXVariantGroup;
			children = (
				3D63954F199088860059E33B /* en */,
			);
			name = InfoPlist.strings;
			sourceTree = "<group>";
		};
/* End PBXVariantGroup section */

/* Begin XCBuildConfiguration section */
		3D639553199088860059E33B /* Debug */ = {
			isa = XCBuildConfiguration;
			buildSettings = {
				ALWAYS_SEARCH_USER_PATHS = NO;
				CLANG_CXX_LANGUAGE_STANDARD = "gnu++0x";
				CLANG_CXX_LIBRARY = "libc++";
				CLANG_ENABLE_MODULES = YES;
				CLANG_ENABLE_OBJC_ARC = YES;
				CLANG_WARN_BOOL_CONVERSION = YES;
				CLANG_WARN_CONSTANT_CONVERSION = YES;
				CLANG_WARN_DIRECT_OBJC_ISA_USAGE = YES_ERROR;
				CLANG_WARN_EMPTY_BODY = YES;
				CLANG_WARN_ENUM_CONVERSION = YES;
				CLANG_WARN_INT_CONVERSION = YES;
				CLANG_WARN_OBJC_ROOT_CLASS = YES_ERROR;
				CLANG_WARN__DUPLICATE_METHOD_MATCH = YES;
				"CODE_SIGN_IDENTITY[sdk=iphoneos*]" = "iPhone Developer";
				COPY_PHASE_STRIP = NO;
				GCC_C_LANGUAGE_STANDARD = gnu99;
				GCC_DYNAMIC_NO_PIC = NO;
				GCC_OPTIMIZATION_LEVEL = 0;
				GCC_PREPROCESSOR_DEFINITIONS = (
					"DEBUG=1",
					"$(inherited)",
				);
				GCC_SYMBOLS_PRIVATE_EXTERN = NO;
				GCC_WARN_64_TO_32_BIT_CONVERSION = YES;
				GCC_WARN_ABOUT_RETURN_TYPE = YES_ERROR;
				GCC_WARN_UNDECLARED_SELECTOR = YES;
				GCC_WARN_UNINITIALIZED_AUTOS = YES_AGGRESSIVE;
				GCC_WARN_UNUSED_FUNCTION = YES;
				GCC_WARN_UNUSED_VARIABLE = YES;
				IPHONEOS_DEPLOYMENT_TARGET = 7.1;
				ONLY_ACTIVE_ARCH = YES;
				SDKROOT = iphoneos;
				TARGETED_DEVICE_FAMILY = 2;
			};
			name = Debug;
		};
		3D639554199088860059E33B /* Release */ = {
			isa = XCBuildConfiguration;
			buildSettings = {
				ALWAYS_SEARCH_USER_PATHS = NO;
				CLANG_CXX_LANGUAGE_STANDARD = "gnu++0x";
				CLANG_CXX_LIBRARY = "libc++";
				CLANG_ENABLE_MODULES = YES;
				CLANG_ENABLE_OBJC_ARC = YES;
				CLANG_WARN_BOOL_CONVERSION = YES;
				CLANG_WARN_CONSTANT_CONVERSION = YES;
				CLANG_WARN_DIRECT_OBJC_ISA_USAGE = YES_ERROR;
				CLANG_WARN_EMPTY_BODY = YES;
				CLANG_WARN_ENUM_CONVERSION = YES;
				CLANG_WARN_INT_CONVERSION = YES;
				CLANG_WARN_OBJC_ROOT_CLASS = YES_ERROR;
				CLANG_WARN__DUPLICATE_METHOD_MATCH = YES;
				"CODE_SIGN_IDENTITY[sdk=iphoneos*]" = "iPhone Developer";
				COPY_PHASE_STRIP = YES;
				ENABLE_NS_ASSERTIONS = NO;
				GCC_C_LANGUAGE_STANDARD = gnu99;
				GCC_WARN_64_TO_32_BIT_CONVERSION = YES;
				GCC_WARN_ABOUT_RETURN_TYPE = YES_ERROR;
				GCC_WARN_UNDECLARED_SELECTOR = YES;
				GCC_WARN_UNINITIALIZED_AUTOS = YES_AGGRESSIVE;
				GCC_WARN_UNUSED_FUNCTION = YES;
				GCC_WARN_UNUSED_VARIABLE = YES;
				IPHONEOS_DEPLOYMENT_TARGET = 7.1;
				SDKROOT = iphoneos;
				TARGETED_DEVICE_FAMILY = 2;
				VALIDATE_PRODUCT = YES;
			};
			name = Release;
		};
		3D639556199088860059E33B /* Debug */ = {
			isa = XCBuildConfiguration;
			buildSettings = {
				ASSETCATALOG_COMPILER_APPICON_NAME = AppIcon;
				ASSETCATALOG_COMPILER_LAUNCHIMAGE_NAME = LaunchImage;
				GCC_PRECOMPILE_PREFIX_HEADER = YES;
				GCC_PREFIX_HEADER = "tableEngineTest/tableEngineTest-Prefix.pch";
				INFOPLIST_FILE = "tableEngineTest/tableEngineTest-Info.plist";
				PRODUCT_NAME = "$(TARGET_NAME)";
				WRAPPER_EXTENSION = app;
			};
			name = Debug;
		};
		3D639557199088860059E33B /* Release */ = {
			isa = XCBuildConfiguration;
			buildSettings = {
				ASSETCATALOG_COMPILER_APPICON_NAME = AppIcon;
				ASSETCATALOG_COMPILER_LAUNCHIMAGE_NAME = LaunchImage;
				GCC_PRECOMPILE_PREFIX_HEADER = YES;
				GCC_PREFIX_HEADER = "tableEngineTest/tableEngineTest-Prefix.pch";
				INFOPLIST_FILE = "tableEngineTest/tableEngineTest-Info.plist";
				PRODUCT_NAME = "$(TARGET_NAME)";
				WRAPPER_EXTENSION = app;
			};
			name = Release;
		};
		3D639559199088860059E33B /* Debug */ = {
			isa = XCBuildConfiguration;
			buildSettings = {
				BUNDLE_LOADER = "$(BUILT_PRODUCTS_DIR)/tableEngineTest.app/tableEngineTest";
				FRAMEWORK_SEARCH_PATHS = (
					"$(SDKROOT)/Developer/Library/Frameworks",
					"$(inherited)",
					"$(DEVELOPER_FRAMEWORKS_DIR)",
				);
				GCC_PRECOMPILE_PREFIX_HEADER = YES;
				GCC_PREFIX_HEADER = "tableEngineTest/tableEngineTest-Prefix.pch";
				GCC_PREPROCESSOR_DEFINITIONS = (
					"DEBUG=1",
					"$(inherited)",
				);
				INFOPLIST_FILE = "tableEngineTestTests/tableEngineTestTests-Info.plist";
				PRODUCT_NAME = "$(TARGET_NAME)";
				TEST_HOST = "$(BUNDLE_LOADER)";
				WRAPPER_EXTENSION = xctest;
			};
			name = Debug;
		};
		3D63955A199088860059E33B /* Release */ = {
			isa = XCBuildConfiguration;
			buildSettings = {
				BUNDLE_LOADER = "$(BUILT_PRODUCTS_DIR)/tableEngineTest.app/tableEngineTest";
				FRAMEWORK_SEARCH_PATHS = (
					"$(SDKROOT)/Developer/Library/Frameworks",
					"$(inherited)",
					"$(DEVELOPER_FRAMEWORKS_DIR)",
				);
				GCC_PRECOMPILE_PREFIX_HEADER = YES;
				GCC_PREFIX_HEADER = "tableEngineTest/tableEngineTest-Prefix.pch";
				INFOPLIST_FILE = "tableEngineTestTests/tableEngineTestTests-Info.plist";
				PRODUCT_NAME = "$(TARGET_NAME)";
				TEST_HOST = "$(BUNDLE_LOADER)";
				WRAPPER_EXTENSION = xctest;
			};
			name = Release;
		};
/* End XCBuildConfiguration section */

/* Begin XCConfigurationList section */
		3D639524199088860059E33B /* Build configuration list for PBXProject "tableEngineTest" */ = {
			isa = XCConfigurationList;
			buildConfigurations = (
				3D639553199088860059E33B /* Debug */,
				3D639554199088860059E33B /* Release */,
			);
			defaultConfigurationIsVisible = 0;
			defaultConfigurationName = Release;
		};
		3D639555199088860059E33B /* Build configuration list for PBXNativeTarget "tableEngineTest" */ = {
			isa = XCConfigurationList;
			buildConfigurations = (
				3D639556199088860059E33B /* Debug */,
				3D639557199088860059E33B /* Release */,
			);
			defaultConfigurationIsVisible = 0;
		};
		3D639558199088860059E33B /* Build configuration list for PBXNativeTarget "tableEngineTestTests" */ = {
			isa = XCConfigurationList;
			buildConfigurations = (
				3D639559199088860059E33B /* Debug */,
				3D63955A199088860059E33B /* Release */,
			);
			defaultConfigurationIsVisible = 0;
		};
/* End XCConfigurationList section */
	};
	rootObject = 3D639521199088860059E33B /* Project object */;
}
